
Microsoft Visual Studio Solution File, Format Version 12.00
# Visual Studio Version 17
VisualStudioVersion = 17.11.35327.3
MinimumVisualStudioVersion = 10.0.40219.1
Project("{FAE04EC0-301F-11D3-BF4B-00C04F79EFBC}") = "Calculadora Patron Capas", "Calculadora Patron Capas\Calculadora Patron Capas.csproj", "{31A6E9C0-08D4-4846-89ED-A81421BA65FB}"
EndProject
Global
	GlobalSection(SolutionConfigurationPlatforms) = preSolution
		Debug|Any CPU = Debug|Any CPU
		Release|Any CPU = Release|Any CPU
	EndGlobalSection
	GlobalSection(ProjectConfigurationPlatforms) = postSolution
		{31A6E9C0-08D4-4846-89ED-A81421BA65FB}.Debug|Any CPU.ActiveCfg = Debug|Any CPU
		{31A6E9C0-08D4-4846-89ED-A81421BA65FB}.Debug|Any CPU.Build.0 = Debug|Any CPU
		{31A6E9C0-08D4-4846-89ED-A81421BA65FB}.Release|Any CPU.ActiveCfg = Release|Any CPU
		{31A6E9C0-08D4-4846-89ED-A81421BA65FB}.Release|Any CPU.Build.0 = Release|Any CPU
	EndGlobalSection
	GlobalSection(SolutionProperties) = preSolution
		HideSolutionNode = FALSE
	EndGlobalSection
	GlobalSection(ExtensibilityGlobals) = postSolution
		SolutionGuid = {C7BA13F4-30AA-4183-A971-67C47351ED5B}
	EndGlobalSection
EndGlobal
